
Microsoft Visual Studio Solution File, Format Version 12.00
# Visual Studio Version 16
VisualStudioVersion = 16.0.30204.135
MinimumVisualStudioVersion = 10.0.40219.1
Project("{FAE04EC0-301F-11D3-BF4B-00C04F79EFBC}") = "Task 1-3", "Task 1-3.csproj", "{3283BE43-424D-4B69-B4A1-93AF92F8DBF6}"
EndProject
Global
	GlobalSection(SolutionConfigurationPlatforms) = preSolution
		Debug|Any CPU = Debug|Any CPU
		Release|Any CPU = Release|Any CPU
	EndGlobalSection
	GlobalSection(ProjectConfigurationPlatforms) = postSolution
		{3283BE43-424D-4B69-B4A1-93AF92F8DBF6}.Debug|Any CPU.ActiveCfg = Debug|Any CPU
		{3283BE43-424D-4B69-B4A1-93AF92F8DBF6}.Debug|Any CPU.Build.0 = Debug|Any CPU
		{3283BE43-424D-4B69-B4A1-93AF92F8DBF6}.Release|Any CPU.ActiveCfg = Release|Any CPU
		{3283BE43-424D-4B69-B4A1-93AF92F8DBF6}.Release|Any CPU.Build.0 = Release|Any CPU
	EndGlobalSection
	GlobalSection(SolutionProperties) = preSolution
		HideSolutionNode = FALSE
	EndGlobalSection
	GlobalSection(ExtensibilityGlobals) = postSolution
		SolutionGuid = {575E3E3B-5171-43D2-B117-A51E13266A0C}
	EndGlobalSection
EndGlobal
